
Microsoft Visual Studio Solution File, Format Version 12.00
# Visual Studio Express 2013 for Windows Desktop
VisualStudioVersion = 12.0.21005.1
MinimumVisualStudioVersion = 10.0.40219.1
Project("{8BC9CEB8-8B4A-11D0-8D11-00A0C91BC942}") = "SDLpp", "SDLpp\SDLpp_VS2013E.vcxproj", "{2CA330BE-DA51-4BE4-8994-6D19167490C9}"
EndProject
Project("{8BC9CEB8-8B4A-11D0-8D11-00A0C91BC942}") = "Window example", "examples\window\window_VS2013E.vcxproj", "{4F78FBD2-16EF-47FC-A52A-CE4245EF3373}"
	ProjectSection(ProjectDependencies) = postProject
		{2CA330BE-DA51-4BE4-8994-6D19167490C9} = {2CA330BE-DA51-4BE4-8994-6D19167490C9}
	EndProjectSection
EndProject
Project("{8BC9CEB8-8B4A-11D0-8D11-00A0C91BC942}") = "View example", "examples\view\view_VS2013E.vcxproj", "{838557CA-0166-4326-9D17-537323DAA062}"
	ProjectSection(ProjectDependencies) = postProject
		{2CA330BE-DA51-4BE4-8994-6D19167490C9} = {2CA330BE-DA51-4BE4-8994-6D19167490C9}
	EndProjectSection
EndProject
Project("{8BC9CEB8-8B4A-11D0-8D11-00A0C91BC942}") = "Text example", "examples\text\text_VS2013E.vcxproj", "{09F8F495-9BC9-428F-A9BA-67D769917BC1}"
EndProject
Project("{8BC9CEB8-8B4A-11D0-8D11-00A0C91BC942}") = "Sprite example", "examples\sprite\sprite_VS2013E.vcxproj", "{DF648EEA-9555-4761-A16D-4B667BF1AEBA}"
EndProject
Project("{8BC9CEB8-8B4A-11D0-8D11-00A0C91BC942}") = "Offscreen drawing example", "examples\offscreen_drawing\offscreen_drawing_VS2013E.vcxproj", "{24231F3D-3E45-404F-9FB6-2883EC91E540}"
EndProject
Project("{8BC9CEB8-8B4A-11D0-8D11-00A0C91BC942}") = "Colors example", "examples\colors\colors_VS2013E.vcxproj", "{7FAEC511-B942-401C-8DAA-D866EF1C7CF2}"
EndProject
Global
	GlobalSection(SolutionConfigurationPlatforms) = preSolution
		Debug|Win32 = Debug|Win32
		Release|Win32 = Release|Win32
	EndGlobalSection
	GlobalSection(ProjectConfigurationPlatforms) = postSolution
		{2CA330BE-DA51-4BE4-8994-6D19167490C9}.Debug|Win32.ActiveCfg = Debug|Win32
		{2CA330BE-DA51-4BE4-8994-6D19167490C9}.Debug|Win32.Build.0 = Debug|Win32
		{2CA330BE-DA51-4BE4-8994-6D19167490C9}.Release|Win32.ActiveCfg = Release|Win32
		{2CA330BE-DA51-4BE4-8994-6D19167490C9}.Release|Win32.Build.0 = Release|Win32
		{4F78FBD2-16EF-47FC-A52A-CE4245EF3373}.Debug|Win32.ActiveCfg = Debug|Win32
		{4F78FBD2-16EF-47FC-A52A-CE4245EF3373}.Debug|Win32.Build.0 = Debug|Win32
		{4F78FBD2-16EF-47FC-A52A-CE4245EF3373}.Release|Win32.ActiveCfg = Release|Win32
		{4F78FBD2-16EF-47FC-A52A-CE4245EF3373}.Release|Win32.Build.0 = Release|Win32
		{838557CA-0166-4326-9D17-537323DAA062}.Debug|Win32.ActiveCfg = Debug|Win32
		{838557CA-0166-4326-9D17-537323DAA062}.Debug|Win32.Build.0 = Debug|Win32
		{838557CA-0166-4326-9D17-537323DAA062}.Release|Win32.ActiveCfg = Release|Win32
		{838557CA-0166-4326-9D17-537323DAA062}.Release|Win32.Build.0 = Release|Win32
		{09F8F495-9BC9-428F-A9BA-67D769917BC1}.Debug|Win32.ActiveCfg = Debug|Win32
		{09F8F495-9BC9-428F-A9BA-67D769917BC1}.Debug|Win32.Build.0 = Debug|Win32
		{09F8F495-9BC9-428F-A9BA-67D769917BC1}.Release|Win32.ActiveCfg = Release|Win32
		{09F8F495-9BC9-428F-A9BA-67D769917BC1}.Release|Win32.Build.0 = Release|Win32
		{DF648EEA-9555-4761-A16D-4B667BF1AEBA}.Debug|Win32.ActiveCfg = Debug|Win32
		{DF648EEA-9555-4761-A16D-4B667BF1AEBA}.Debug|Win32.Build.0 = Debug|Win32
		{DF648EEA-9555-4761-A16D-4B667BF1AEBA}.Release|Win32.ActiveCfg = Release|Win32
		{DF648EEA-9555-4761-A16D-4B667BF1AEBA}.Release|Win32.Build.0 = Release|Win32
		{24231F3D-3E45-404F-9FB6-2883EC91E540}.Debug|Win32.ActiveCfg = Debug|Win32
		{24231F3D-3E45-404F-9FB6-2883EC91E540}.Debug|Win32.Build.0 = Debug|Win32
		{24231F3D-3E45-404F-9FB6-2883EC91E540}.Release|Win32.ActiveCfg = Release|Win32
		{24231F3D-3E45-404F-9FB6-2883EC91E540}.Release|Win32.Build.0 = Release|Win32
		{7FAEC511-B942-401C-8DAA-D866EF1C7CF2}.Debug|Win32.ActiveCfg = Debug|Win32
		{7FAEC511-B942-401C-8DAA-D866EF1C7CF2}.Debug|Win32.Build.0 = Debug|Win32
		{7FAEC511-B942-401C-8DAA-D866EF1C7CF2}.Release|Win32.ActiveCfg = Release|Win32
		{7FAEC511-B942-401C-8DAA-D866EF1C7CF2}.Release|Win32.Build.0 = Release|Win32
	EndGlobalSection
	GlobalSection(SolutionProperties) = preSolution
		HideSolutionNode = FALSE
	EndGlobalSection
EndGlobal
